{
  "originHash" : "faa6265c91eb278d9deb84c4059ccaacafa2187f51695f0f5fb53c0dd614edd2",
  "pins" : [
    {
      "identity" : "lintstudioui",
      "kind" : "remoteSourceControl",
      "location" : "https://github.com/Joseph-Cursio/LintStudioUI.git",
      "state" : {
        "revision" : "d01f81ae580fb91d7ff87e2f272d2a1d608ad139",
        "version" : "1.3.1"
      }
    },
    {
      "identity" : "viewinspector",
      "kind" : "remoteSourceControl",
      "location" : "https://github.com/nalexn/ViewInspector.git",
      "state" : {
        "revision" : "6be008f348a757e7c0c6901c2dde983e5bba069f"
      }
    }
  ],
  "version" : 3
}
