{
  "originHash" : "22386119785f0cc6684a5a7470f6f57c389447ea641332d0fbfa584ad9453d86",
  "pins" : [
    {
      "identity" : "lintstudioui",
      "kind" : "remoteSourceControl",
      "location" : "https://github.com/Joseph-Cursio/LintStudioUI.git",
      "state" : {
        "revision" : "d01f81ae580fb91d7ff87e2f272d2a1d608ad139",
        "version" : "1.3.1"
      }
    },
    {
      "identity" : "swiftformat",
      "kind" : "remoteSourceControl",
      "location" : "https://github.com/nicklockwood/SwiftFormat.git",
      "state" : {
        "revision" : "2226e9d89bf05a604cc985bab3dccb44ff7c8ee3",
        "version" : "0.62.1"
      }
    }
  ],
  "version" : 3
}
