{
  "originHash" : "8c6e366514c3a9a06be08bcddc4b0b82ba2c564bd9c3d2c284bb8f836eb726ac",
  "pins" : [
    {
      "identity" : "lintstudioui",
      "kind" : "remoteSourceControl",
      "location" : "https://github.com/Joseph-Cursio/LintStudioUI.git",
      "state" : {
        "revision" : "d01f81ae580fb91d7ff87e2f272d2a1d608ad139",
        "version" : "1.3.1"
      }
    }
  ],
  "version" : 3
}
